# THIS IS AN AUTOGENERATED FILE. DO NOT EDIT THIS FILE DIRECTLY.
# yarn lockfile v1


csv-parser@^3.1.0:
  version "3.1.0"
  resolved "https://registry.yarnpkg.com/csv-parser/-/csv-parser-3.1.0.tgz#aadb8ba86f9ade01edce1a1095ef2e1614c82297"
  integrity sha512-egOwFF+imkpAE0gTrbzdf7c322lonHAmLPT2Ou1b5lhTSeXyfEdaMBdWuVeUJ6fsYuR0/ENonFo16kEXWKOQFw==
